
Microsoft Visual Studio Solution File, Format Version 12.00
# Visual Studio Version 17
VisualStudioVersion = 17.13.35931.197 d17.13
MinimumVisualStudioVersion = 10.0.40219.1
Project("{FAE04EC0-301F-11D3-BF4B-00C04F79EFBC}") = "XLab_Unit_2_2", "XLab_Unit_2_2.csproj", "{58059B65-C190-414A-9C95-DAE48344BF90}"
EndProject
Global
	GlobalSection(SolutionConfigurationPlatforms) = preSolution
		Debug|Any CPU = Debug|Any CPU
		Release|Any CPU = Release|Any CPU
	EndGlobalSection
	GlobalSection(ProjectConfigurationPlatforms) = postSolution
		{58059B65-C190-414A-9C95-DAE48344BF90}.Debug|Any CPU.ActiveCfg = Debug|Any CPU
		{58059B65-C190-414A-9C95-DAE48344BF90}.Debug|Any CPU.Build.0 = Debug|Any CPU
		{58059B65-C190-414A-9C95-DAE48344BF90}.Release|Any CPU.ActiveCfg = Release|Any CPU
		{58059B65-C190-414A-9C95-DAE48344BF90}.Release|Any CPU.Build.0 = Release|Any CPU
	EndGlobalSection
	GlobalSection(SolutionProperties) = preSolution
		HideSolutionNode = FALSE
	EndGlobalSection
	GlobalSection(ExtensibilityGlobals) = postSolution
		SolutionGuid = {A6089345-D6F6-4E7F-8A22-D40F3598FE9E}
	EndGlobalSection
EndGlobal
