
Microsoft Visual Studio Solution File, Format Version 12.00
# Visual Studio Version 17
VisualStudioVersion = 17.13.35931.197 d17.13
MinimumVisualStudioVersion = 10.0.40219.1
Project("{FAE04EC0-301F-11D3-BF4B-00C04F79EFBC}") = "XLab_Unit_2_3", "XLab_Unit_2_3.csproj", "{38E34115-247B-4439-AA94-B18CECB0E58E}"
EndProject
Global
	GlobalSection(SolutionConfigurationPlatforms) = preSolution
		Debug|Any CPU = Debug|Any CPU
		Release|Any CPU = Release|Any CPU
	EndGlobalSection
	GlobalSection(ProjectConfigurationPlatforms) = postSolution
		{38E34115-247B-4439-AA94-B18CECB0E58E}.Debug|Any CPU.ActiveCfg = Debug|Any CPU
		{38E34115-247B-4439-AA94-B18CECB0E58E}.Debug|Any CPU.Build.0 = Debug|Any CPU
		{38E34115-247B-4439-AA94-B18CECB0E58E}.Release|Any CPU.ActiveCfg = Release|Any CPU
		{38E34115-247B-4439-AA94-B18CECB0E58E}.Release|Any CPU.Build.0 = Release|Any CPU
	EndGlobalSection
	GlobalSection(SolutionProperties) = preSolution
		HideSolutionNode = FALSE
	EndGlobalSection
	GlobalSection(ExtensibilityGlobals) = postSolution
		SolutionGuid = {7853D1F0-4A2B-460C-9A98-49C7E912799F}
	EndGlobalSection
EndGlobal
